
Microsoft Visual Studio Solution File, Format Version 12.00
# Visual Studio Version 17
VisualStudioVersion = 17.14.36804.6
MinimumVisualStudioVersion = 10.0.40219.1
Project("{FAE04EC0-301F-11D3-BF4B-00C04F79EFBC}") = "ThePredictions.Infrastructure", "src\ThePredictions.Infrastructure\ThePredictions.Infrastructure.csproj", "{997E256A-0C05-4B54-87C1-CD9132841DCA}"
EndProject
Project("{FAE04EC0-301F-11D3-BF4B-00C04F79EFBC}") = "ThePredictions.API", "src\ThePredictions.API\ThePredictions.API.csproj", "{AD7516B5-9CC1-4781-9149-17053ABA35E7}"
EndProject
Project("{FAE04EC0-301F-11D3-BF4B-00C04F79EFBC}") = "ThePredictions.Web", "src\ThePredictions.Web\ThePredictions.Web.csproj", "{F38F05AA-AFE0-4EBA-B284-417022D1FB17}"
EndProject
Project("{FAE04EC0-301F-11D3-BF4B-00C04F79EFBC}") = "ThePredictions.Web.Client", "src\ThePredictions.Web.Client\ThePredictions.Web.Client.csproj", "{9C7E46D0-F7DE-459E-A27B-BFC2D4B48ED8}"
EndProject
Project("{FAE04EC0-301F-11D3-BF4B-00C04F79EFBC}") = "ThePredictions.Domain", "src\ThePredictions.Domain\ThePredictions.Domain.csproj", "{6C402BFF-BDB4-4D3C-9344-84D217EFCF0D}"
EndProject
Project("{FAE04EC0-301F-11D3-BF4B-00C04F79EFBC}") = "ThePredictions.Application", "src\ThePredictions.Application\ThePredictions.Application.csproj", "{A2EF96AD-2C3D-4703-8D0D-4372B9C16195}"
EndProject
Project("{FAE04EC0-301F-11D3-BF4B-00C04F79EFBC}") = "ThePredictions.Validators", "src\ThePredictions.Validators\ThePredictions.Validators.csproj", "{E7A7E256-FDAB-43FF-BCCE-0D7A2DD0AB86}"
EndProject
Project("{FAE04EC0-301F-11D3-BF4B-00C04F79EFBC}") = "ThePredictions.Contracts", "src\ThePredictions.Contracts\ThePredictions.Contracts.csproj", "{C43361B4-C21C-484E-BEA1-1CE632CF3798}"
EndProject
Project("{FAE04EC0-301F-11D3-BF4B-00C04F79EFBC}") = "ThePredictions.Hosting.Shared", "src\ThePredictions.Hosting.Shared\ThePredictions.Hosting.Shared.csproj", "{DA1E0EDB-DD84-4A0F-8E88-44CA716BC9C1}"
EndProject
Project("{FAE04EC0-301F-11D3-BF4B-00C04F79EFBC}") = "ThePredictions.DatabaseTools", "tools\ThePredictions.DatabaseTools\ThePredictions.DatabaseTools.csproj", "{B8F5E3A1-7C2D-4F9A-8E6B-1D3C5A7F9E2B}"
EndProject
Project("{FAE04EC0-301F-11D3-BF4B-00C04F79EFBC}") = "ThePredictions.Domain.Tests.Unit", "tests\Unit\ThePredictions.Domain.Tests.Unit\ThePredictions.Domain.Tests.Unit.csproj", "{1A2B3C4D-5E6F-7A8B-9C0D-1E2F3A4B5C6D}"
EndProject
Project("{2150E333-8FDC-42A3-9474-1A3956D46DE8}") = "Source", "Source", "{3A4D2E1F-5B6C-4D8E-9F0A-1B2C3D4E5F6A}"
EndProject
Project("{2150E333-8FDC-42A3-9474-1A3956D46DE8}") = "Tools", "Tools", "{7C8D9E0F-1A2B-4C3D-5E6F-7A8B9C0D1E2F}"
EndProject
Project("{2150E333-8FDC-42A3-9474-1A3956D46DE8}") = "Test Coverage", "Test Coverage", "{A1B2C3D4-E5F6-7A8B-9C0D-AE0000C07001}"
	ProjectSection(SolutionItems) = preProject
		tools\Test Coverage\coverage-unit.bat = tools\Test Coverage\coverage-unit.bat
		tools\Test Coverage\coverage.runsettings = tools\Test Coverage\coverage.runsettings
	EndProjectSection
EndProject
Project("{2150E333-8FDC-42A3-9474-1A3956D46DE8}") = "Tests", "Tests", "{4D5E6F7A-8B9C-0D1E-2F3A-4B5C6D7E8F9A}"
EndProject
Project("{2150E333-8FDC-42A3-9474-1A3956D46DE8}") = "Unit", "Unit", "{5E6F7A8B-9C0D-1E2F-3A4B-5C6D7E8F9A0B}"
EndProject
Project("{2150E333-8FDC-42A3-9474-1A3956D46DE8}") = "Shared", "Shared", "{6F7A8B9C-0D1E-2F3A-4B5C-6D7E8F9A0B1C}"
EndProject
Project("{FAE04EC0-301F-11D3-BF4B-00C04F79EFBC}") = "ThePredictions.Tests.Shared", "tests\Shared\ThePredictions.Tests.Shared\ThePredictions.Tests.Shared.csproj", "{2B3C4D5E-6F7A-8B9C-0D1E-2F3A4B5C6D7E}"
EndProject
Global
	GlobalSection(SolutionConfigurationPlatforms) = preSolution
		Debug|Any CPU = Debug|Any CPU
		Release|Any CPU = Release|Any CPU
	EndGlobalSection
	GlobalSection(ProjectConfigurationPlatforms) = postSolution
		{997E256A-0C05-4B54-87C1-CD9132841DCA}.Debug|Any CPU.ActiveCfg = Debug|Any CPU
		{997E256A-0C05-4B54-87C1-CD9132841DCA}.Debug|Any CPU.Build.0 = Debug|Any CPU
		{997E256A-0C05-4B54-87C1-CD9132841DCA}.Release|Any CPU.ActiveCfg = Release|Any CPU
		{997E256A-0C05-4B54-87C1-CD9132841DCA}.Release|Any CPU.Build.0 = Release|Any CPU
		{AD7516B5-9CC1-4781-9149-17053ABA35E7}.Debug|Any CPU.ActiveCfg = Debug|Any CPU
		{AD7516B5-9CC1-4781-9149-17053ABA35E7}.Debug|Any CPU.Build.0 = Debug|Any CPU
		{AD7516B5-9CC1-4781-9149-17053ABA35E7}.Release|Any CPU.ActiveCfg = Release|Any CPU
		{AD7516B5-9CC1-4781-9149-17053ABA35E7}.Release|Any CPU.Build.0 = Release|Any CPU
		{F38F05AA-AFE0-4EBA-B284-417022D1FB17}.Debug|Any CPU.ActiveCfg = Debug|Any CPU
		{F38F05AA-AFE0-4EBA-B284-417022D1FB17}.Debug|Any CPU.Build.0 = Debug|Any CPU
		{F38F05AA-AFE0-4EBA-B284-417022D1FB17}.Release|Any CPU.ActiveCfg = Release|Any CPU
		{F38F05AA-AFE0-4EBA-B284-417022D1FB17}.Release|Any CPU.Build.0 = Release|Any CPU
		{9C7E46D0-F7DE-459E-A27B-BFC2D4B48ED8}.Debug|Any CPU.ActiveCfg = Debug|Any CPU
		{9C7E46D0-F7DE-459E-A27B-BFC2D4B48ED8}.Debug|Any CPU.Build.0 = Debug|Any CPU
		{9C7E46D0-F7DE-459E-A27B-BFC2D4B48ED8}.Release|Any CPU.ActiveCfg = Release|Any CPU
		{9C7E46D0-F7DE-459E-A27B-BFC2D4B48ED8}.Release|Any CPU.Build.0 = Release|Any CPU
		{6C402BFF-BDB4-4D3C-9344-84D217EFCF0D}.Debug|Any CPU.ActiveCfg = Debug|Any CPU
		{6C402BFF-BDB4-4D3C-9344-84D217EFCF0D}.Debug|Any CPU.Build.0 = Debug|Any CPU
		{6C402BFF-BDB4-4D3C-9344-84D217EFCF0D}.Release|Any CPU.ActiveCfg = Release|Any CPU
		{6C402BFF-BDB4-4D3C-9344-84D217EFCF0D}.Release|Any CPU.Build.0 = Release|Any CPU
		{A2EF96AD-2C3D-4703-8D0D-4372B9C16195}.Debug|Any CPU.ActiveCfg = Debug|Any CPU
		{A2EF96AD-2C3D-4703-8D0D-4372B9C16195}.Debug|Any CPU.Build.0 = Debug|Any CPU
		{A2EF96AD-2C3D-4703-8D0D-4372B9C16195}.Release|Any CPU.ActiveCfg = Release|Any CPU
		{A2EF96AD-2C3D-4703-8D0D-4372B9C16195}.Release|Any CPU.Build.0 = Release|Any CPU
		{E7A7E256-FDAB-43FF-BCCE-0D7A2DD0AB86}.Debug|Any CPU.ActiveCfg = Debug|Any CPU
		{E7A7E256-FDAB-43FF-BCCE-0D7A2DD0AB86}.Debug|Any CPU.Build.0 = Debug|Any CPU
		{E7A7E256-FDAB-43FF-BCCE-0D7A2DD0AB86}.Release|Any CPU.ActiveCfg = Release|Any CPU
		{E7A7E256-FDAB-43FF-BCCE-0D7A2DD0AB86}.Release|Any CPU.Build.0 = Release|Any CPU
		{C43361B4-C21C-484E-BEA1-1CE632CF3798}.Debug|Any CPU.ActiveCfg = Debug|Any CPU
		{C43361B4-C21C-484E-BEA1-1CE632CF3798}.Debug|Any CPU.Build.0 = Debug|Any CPU
		{C43361B4-C21C-484E-BEA1-1CE632CF3798}.Release|Any CPU.ActiveCfg = Release|Any CPU
		{C43361B4-C21C-484E-BEA1-1CE632CF3798}.Release|Any CPU.Build.0 = Release|Any CPU
		{DA1E0EDB-DD84-4A0F-8E88-44CA716BC9C1}.Debug|Any CPU.ActiveCfg = Debug|Any CPU
		{DA1E0EDB-DD84-4A0F-8E88-44CA716BC9C1}.Debug|Any CPU.Build.0 = Debug|Any CPU
		{DA1E0EDB-DD84-4A0F-8E88-44CA716BC9C1}.Release|Any CPU.ActiveCfg = Release|Any CPU
		{DA1E0EDB-DD84-4A0F-8E88-44CA716BC9C1}.Release|Any CPU.Build.0 = Release|Any CPU
		{B8F5E3A1-7C2D-4F9A-8E6B-1D3C5A7F9E2B}.Debug|Any CPU.ActiveCfg = Debug|Any CPU
		{B8F5E3A1-7C2D-4F9A-8E6B-1D3C5A7F9E2B}.Debug|Any CPU.Build.0 = Debug|Any CPU
		{B8F5E3A1-7C2D-4F9A-8E6B-1D3C5A7F9E2B}.Release|Any CPU.ActiveCfg = Release|Any CPU
		{B8F5E3A1-7C2D-4F9A-8E6B-1D3C5A7F9E2B}.Release|Any CPU.Build.0 = Release|Any CPU
		{1A2B3C4D-5E6F-7A8B-9C0D-1E2F3A4B5C6D}.Debug|Any CPU.ActiveCfg = Debug|Any CPU
		{1A2B3C4D-5E6F-7A8B-9C0D-1E2F3A4B5C6D}.Debug|Any CPU.Build.0 = Debug|Any CPU
		{1A2B3C4D-5E6F-7A8B-9C0D-1E2F3A4B5C6D}.Release|Any CPU.ActiveCfg = Release|Any CPU
		{1A2B3C4D-5E6F-7A8B-9C0D-1E2F3A4B5C6D}.Release|Any CPU.Build.0 = Release|Any CPU
		{2B3C4D5E-6F7A-8B9C-0D1E-2F3A4B5C6D7E}.Debug|Any CPU.ActiveCfg = Debug|Any CPU
		{2B3C4D5E-6F7A-8B9C-0D1E-2F3A4B5C6D7E}.Debug|Any CPU.Build.0 = Debug|Any CPU
		{2B3C4D5E-6F7A-8B9C-0D1E-2F3A4B5C6D7E}.Release|Any CPU.ActiveCfg = Release|Any CPU
		{2B3C4D5E-6F7A-8B9C-0D1E-2F3A4B5C6D7E}.Release|Any CPU.Build.0 = Release|Any CPU
	EndGlobalSection
	GlobalSection(SolutionProperties) = preSolution
		HideSolutionNode = FALSE
	EndGlobalSection
	GlobalSection(NestedProjects) = preSolution
		{997E256A-0C05-4B54-87C1-CD9132841DCA} = {3A4D2E1F-5B6C-4D8E-9F0A-1B2C3D4E5F6A}
		{AD7516B5-9CC1-4781-9149-17053ABA35E7} = {3A4D2E1F-5B6C-4D8E-9F0A-1B2C3D4E5F6A}
		{F38F05AA-AFE0-4EBA-B284-417022D1FB17} = {3A4D2E1F-5B6C-4D8E-9F0A-1B2C3D4E5F6A}
		{9C7E46D0-F7DE-459E-A27B-BFC2D4B48ED8} = {3A4D2E1F-5B6C-4D8E-9F0A-1B2C3D4E5F6A}
		{6C402BFF-BDB4-4D3C-9344-84D217EFCF0D} = {3A4D2E1F-5B6C-4D8E-9F0A-1B2C3D4E5F6A}
		{A2EF96AD-2C3D-4703-8D0D-4372B9C16195} = {3A4D2E1F-5B6C-4D8E-9F0A-1B2C3D4E5F6A}
		{E7A7E256-FDAB-43FF-BCCE-0D7A2DD0AB86} = {3A4D2E1F-5B6C-4D8E-9F0A-1B2C3D4E5F6A}
		{C43361B4-C21C-484E-BEA1-1CE632CF3798} = {3A4D2E1F-5B6C-4D8E-9F0A-1B2C3D4E5F6A}
		{DA1E0EDB-DD84-4A0F-8E88-44CA716BC9C1} = {3A4D2E1F-5B6C-4D8E-9F0A-1B2C3D4E5F6A}
		{B8F5E3A1-7C2D-4F9A-8E6B-1D3C5A7F9E2B} = {7C8D9E0F-1A2B-4C3D-5E6F-7A8B9C0D1E2F}
		{A1B2C3D4-E5F6-7A8B-9C0D-AE0000C07001} = {7C8D9E0F-1A2B-4C3D-5E6F-7A8B9C0D1E2F}
		{5E6F7A8B-9C0D-1E2F-3A4B-5C6D7E8F9A0B} = {4D5E6F7A-8B9C-0D1E-2F3A-4B5C6D7E8F9A}
		{1A2B3C4D-5E6F-7A8B-9C0D-1E2F3A4B5C6D} = {5E6F7A8B-9C0D-1E2F-3A4B-5C6D7E8F9A0B}
		{6F7A8B9C-0D1E-2F3A-4B5C-6D7E8F9A0B1C} = {4D5E6F7A-8B9C-0D1E-2F3A-4B5C6D7E8F9A}
		{2B3C4D5E-6F7A-8B9C-0D1E-2F3A4B5C6D7E} = {6F7A8B9C-0D1E-2F3A-4B5C-6D7E8F9A0B1C}
	EndGlobalSection
	GlobalSection(ExtensibilityGlobals) = postSolution
		SolutionGuid = {A1BDC2C1-EC20-4C4E-A759-C8D7DD6D4D78}
	EndGlobalSection
EndGlobal
